
Microsoft Visual Studio Solution File, Format Version 12.00
# Visual Studio Version 17
VisualStudioVersion = 17.5.33414.496
MinimumVisualStudioVersion = 10.0.40219.1
Project("{9A19103F-16F7-4668-BE54-9A1E7A4F7556}") = "Storage", "Storage\Storage.csproj", "{394F615B-80DC-4D3A-8053-EF56F354ECCA}"
EndProject
Project("{FAE04EC0-301F-11D3-BF4B-00C04F79EFBC}") = "StorageApp.Tests", "StorageAppTests\StorageApp.Tests.csproj", "{A33D6D08-353A-4413-9C7D-BA2B6D5CE14B}"
EndProject
Global
	GlobalSection(SolutionConfigurationPlatforms) = preSolution
		Debug|Any CPU = Debug|Any CPU
		Release|Any CPU = Release|Any CPU
	EndGlobalSection
	GlobalSection(ProjectConfigurationPlatforms) = postSolution
		{394F615B-80DC-4D3A-8053-EF56F354ECCA}.Debug|Any CPU.ActiveCfg = Debug|Any CPU
		{394F615B-80DC-4D3A-8053-EF56F354ECCA}.Debug|Any CPU.Build.0 = Debug|Any CPU
		{394F615B-80DC-4D3A-8053-EF56F354ECCA}.Release|Any CPU.ActiveCfg = Release|Any CPU
		{394F615B-80DC-4D3A-8053-EF56F354ECCA}.Release|Any CPU.Build.0 = Release|Any CPU
		{A33D6D08-353A-4413-9C7D-BA2B6D5CE14B}.Debug|Any CPU.ActiveCfg = Debug|Any CPU
		{A33D6D08-353A-4413-9C7D-BA2B6D5CE14B}.Debug|Any CPU.Build.0 = Debug|Any CPU
		{A33D6D08-353A-4413-9C7D-BA2B6D5CE14B}.Release|Any CPU.ActiveCfg = Release|Any CPU
		{A33D6D08-353A-4413-9C7D-BA2B6D5CE14B}.Release|Any CPU.Build.0 = Release|Any CPU
	EndGlobalSection
	GlobalSection(SolutionProperties) = preSolution
		HideSolutionNode = FALSE
	EndGlobalSection
	GlobalSection(ExtensibilityGlobals) = postSolution
		SolutionGuid = {93864FA6-9B4C-4B8D-9376-BB409F526680}
	EndGlobalSection
EndGlobal
